// !$*UTF8*$!
{
	archiveVersion = 1;
	classes = {
	};
	objectVersion = 50;
	objects = {

/* Begin PBXBuildFile section */
		131C4E3022F7D2E6005203F3 /* AppDelegate.swift in Sources */ = {isa = PBXBuildFile; fileRef = 131C4E2F22F7D2E6005203F3 /* AppDelegate.swift */; };
		131C4E3222F7D2E6005203F3 /* ViewController.swift in Sources */ = {isa = PBXBuildFile; fileRef = 131C4E3122F7D2E6005203F3 /* ViewController.swift */; };
		131C4E3522F7D2E6005203F3 /* Main.storyboard in Resources */ = {isa = PBXBuildFile; fileRef = 131C4E3322F7D2E6005203F3 /* Main.storyboard */; };
		131C4E3722F7D2E8005203F3 /* Assets.xcassets in Resources */ = {isa = PBXBuildFile; fileRef = 131C4E3622F7D2E8005203F3 /* Assets.xcassets */; };
		131C4E3A22F7D2E8005203F3 /* LaunchScreen.storyboard in Resources */ = {isa = PBXBuildFile; fileRef = 131C4E3822F7D2E8005203F3 /* LaunchScreen.storyboard */; };
/* End PBXBuildFile section */

/* Begin PBXFileReference section */
		131C4E2C22F7D2E6005203F3 /* DrawTwoPlaceMap.app */ = {isa = PBXFileReference; explicitFileType = wrapper.application; includeInIndex = 0; path = DrawTwoPlaceMap.app; sourceTree = BUILT_PRODUCTS_DIR; };
		131C4E2F22F7D2E6005203F3 /* AppDelegate.swift */ = {isa = PBXFileReference; lastKnownFileType = sourcecode.swift; path = AppDelegate.swift; sourceTree = "<group>"; };
		131C4E3122F7D2E6005203F3 /* ViewController.swift */ = {isa = PBXFileReference; lastKnownFileType = sourcecode.swift; path = ViewController.swift; sourceTree = "<group>"; };
		131C4E3422F7D2E6005203F3 /* Base */ = {isa = PBXFileReference; lastKnownFileType = file.storyboard; name = Base; path = Base.lproj/Main.storyboard; sourceTree = "<group>"; };
		131C4E3622F7D2E8005203F3 /* Assets.xcassets */ = {isa = PBXFileReference; lastKnownFileType = folder.assetcatalog; path = Assets.xcassets; sourceTree = "<group>"; };
		131C4E3922F7D2E8005203F3 /* Base */ = {isa = PBXFileReference; lastKnownFileType = file.storyboard; name = Base; path = Base.lproj/LaunchScreen.storyboard; sourceTree = "<group>"; };
		131C4E3B22F7D2E8005203F3 /* Info.plist */ = {isa = PBXFileReference; lastKnownFileType = text.plist.xml; path = Info.plist; sourceTree = "<group>"; };
/* End PBXFileReference section */

/* Begin PBXFrameworksBuildPhase section */
		131C4E2922F7D2E6005203F3 /* Frameworks */ = {
			isa = PBXFrameworksBuildPhase;
			buildActionMask = 2147483647;
			files = (
			);
			runOnlyForDeploymentPostprocessing = 0;
		};
/* End PBXFrameworksBuildPhase section */

/* Begin PBXGroup section */
		131C4E2322F7D2E6005203F3 = {
			isa = PBXGroup;
			children = (
				131C4E2E22F7D2E6005203F3 /* DrawTwoPlaceMap */,
				131C4E2D22F7D2E6005203F3 /* Products */,
			);
			sourceTree = "<group>";
		};
		131C4E2D22F7D2E6005203F3 /* Products */ = {
			isa = PBXGroup;
			children = (
				131C4E2C22F7D2E6005203F3 /* DrawTwoPlaceMap.app */,
			);
			name = Products;
			sourceTree = "<group>";
		};
		131C4E2E22F7D2E6005203F3 /* DrawTwoPlaceMap */ = {
			isa = PBXGroup;
			children = (
				131C4E2F22F7D2E6005203F3 /* AppDelegate.swift */,
				131C4E3122F7D2E6005203F3 /* ViewController.swift */,
				131C4E3322F7D2E6005203F3 /* Main.storyboard */,
				131C4E3622F7D2E8005203F3 /* Assets.xcassets */,
				131C4E3822F7D2E8005203F3 /* LaunchScreen.storyboard */,
				131C4E3B22F7D2E8005203F3 /* Info.plist */,
			);
			path = DrawTwoPlaceMap;
			sourceTree = "<group>";
		};
/* End PBXGroup section */

/* Begin PBXNativeTarget section */
		131C4E2B22F7D2E6005203F3 /* DrawTwoPlaceMap */ = {
			isa = PBXNativeTarget;
			buildConfigurationList = 131C4E3E22F7D2E8005203F3 /* Build configuration list for PBXNativeTarget "DrawTwoPlaceMap" */;
			buildPhases = (
				131C4E2822F7D2E6005203F3 /* Sources */,
				131C4E2922F7D2E6005203F3 /* Frameworks */,
				131C4E2A22F7D2E6005203F3 /* Resources */,
			);
			buildRules = (
			);
			dependencies = (
			);
			name = DrawTwoPlaceMap;
			productName = DrawTwoPlaceMap;
			productReference = 131C4E2C22F7D2E6005203F3 /* DrawTwoPlaceMap.app */;
			productType = "com.apple.product-type.application";
		};
/* End PBXNativeTarget section */

/* Begin PBXProject section */
		131C4E2422F7D2E6005203F3 /* Project object */ = {
			isa = PBXProject;
			attributes = {
				LastSwiftUpdateCheck = 1020;
				LastUpgradeCheck = 1020;
				ORGANIZATIONNAME = Manish;
				TargetAttributes = {
					131C4E2B22F7D2E6005203F3 = {
						CreatedOnToolsVersion = 10.2.1;
					};
				};
			};
			buildConfigurationList = 131C4E2722F7D2E6005203F3 /* Build configuration list for PBXProject "DrawTwoPlaceMap" */;
			compatibilityVersion = "Xcode 9.3";
			developmentRegion = en;
			hasScannedForEncodings = 0;
			knownRegions = (
				en,
				Base,
			);
			mainGroup = 131C4E2322F7D2E6005203F3;
			productRefGroup = 131C4E2D22F7D2E6005203F3 /* Products */;
			projectDirPath = "";
			projectRoot = "";
			targets = (
				131C4E2B22F7D2E6005203F3 /* DrawTwoPlaceMap */,
			);
		};
/* End PBXProject section */

/* Begin PBXResourcesBuildPhase section */
		131C4E2A22F7D2E6005203F3 /* Resources */ = {
			isa = PBXResourcesBuildPhase;
			buildActionMask = 2147483647;
			files = (
				131C4E3A22F7D2E8005203F3 /* LaunchScreen.storyboard in Resources */,
				131C4E3722F7D2E8005203F3 /* Assets.xcassets in Resources */,
				131C4E3522F7D2E6005203F3 /* Main.storyboard in Resources */,
			);
			runOnlyForDeploymentPostprocessing = 0;
		};
/* End PBXResourcesBuildPhase section */

/* Begin PBXSourcesBuildPhase section */
		131C4E2822F7D2E6005203F3 /* Sources */ = {
			isa = PBXSourcesBuildPhase;
			buildActionMask = 2147483647;
			files = (
				131C4E3222F7D2E6005203F3 /* ViewController.swift in Sources */,
				131C4E3022F7D2E6005203F3 /* AppDelegate.swift in Sources */,
			);
			runOnlyForDeploymentPostprocessing = 0;
		};
/* End PBXSourcesBuildPhase section */

/* Begin PBXVariantGroup section */
		131C4E3322F7D2E6005203F3 /* Main.storyboard */ = {
			isa = PBXVariantGroup;
			children = (
				131C4E3422F7D2E6005203F3 /* Base */,
			);
			name = Main.storyboard;
			sourceTree = "<group>";
		};
		131C4E3822F7D2E8005203F3 /* LaunchScreen.storyboard */ = {
			isa = PBXVariantGroup;
			children = (
				131C4E3922F7D2E8005203F3 /* Base */,
			);
			name = LaunchScreen.storyboard;
			sourceTree = "<group>";
		};
/* End PBXVariantGroup section */

/* Begin XCBuildConfiguration section */
		131C4E3C22F7D2E8005203F3 /* Debug */ = {
			isa = XCBuildConfiguration;
			buildSettings = {
				ALWAYS_SEARCH_USER_PATHS = NO;
				CLANG_ANALYZER_NONNULL = YES;
				CLANG_ANALYZER_NUMBER_OBJECT_CONVERSION = YES_AGGRESSIVE;
				CLANG_CXX_LANGUAGE_STANDARD = "gnu++14";
				CLANG_CXX_LIBRARY = "libc++";
				CLANG_ENABLE_MODULES = YES;
				CLANG_ENABLE_OBJC_ARC = YES;
				CLANG_ENABLE_OBJC_WEAK = YES;
				CLANG_WARN_BLOCK_CAPTURE_AUTORELEASING = YES;
				CLANG_WARN_BOOL_CONVERSION = YES;
				CLANG_WARN_COMMA = YES;
				CLANG_WARN_CONSTANT_CONVERSION = YES;
				CLANG_WARN_DEPRECATED_OBJC_IMPLEMENTATIONS = YES;
				CLANG_WARN_DIRECT_OBJC_ISA_USAGE = YES_ERROR;
				CLANG_WARN_DOCUMENTATION_COMMENTS = YES;
				CLANG_WARN_EMPTY_BODY = YES;
				CLANG_WARN_ENUM_CONVERSION = YES;
				CLANG_WARN_INFINITE_RECURSION = YES;
				CLANG_WARN_INT_CONVERSION = YES;
				CLANG_WARN_NON_LITERAL_NULL_CONVERSION = YES;
				CLANG_WARN_OBJC_IMPLICIT_RETAIN_SELF = YES;
				CLANG_WARN_OBJC_LITERAL_CONVERSION = YES;
				CLANG_WARN_OBJC_ROOT_CLASS = YES_ERROR;
				CLANG_WARN_RANGE_LOOP_ANALYSIS = YES;
				CLANG_WARN_STRICT_PROTOTYPES = YES;
				CLANG_WARN_SUSPICIOUS_MOVE = YES;
				CLANG_WARN_UNGUARDED_AVAILABILITY = YES_AGGRESSIVE;
				CLANG_WARN_UNREACHABLE_CODE = YES;
				CLANG_WARN__DUPLICATE_METHOD_MATCH = YES;
				CODE_SIGN_IDENTITY = "iPhone Developer";
				COPY_PHASE_STRIP = NO;
				DEBUG_INFORMATION_FORMAT = dwarf;
				ENABLE_STRICT_OBJC_MSGSEND = YES;
				ENABLE_TESTABILITY = YES;
				GCC_C_LANGUAGE_STANDARD = gnu11;
				GCC_DYNAMIC_NO_PIC = NO;
				GCC_NO_COMMON_BLOCKS = YES;
				GCC_OPTIMIZATION_LEVEL = 0;
				GCC_PREPROCESSOR_DEFINITIONS = (
					"DEBUG=1",
					"$(inherited)",
				);
				GCC_WARN_64_TO_32_BIT_CONVERSION = YES;
				GCC_WARN_ABOUT_RETURN_TYPE = YES_ERROR;
				GCC_WARN_UNDECLARED_SELECTOR = YES;
				GCC_WARN_UNINITIALIZED_AUTOS = YES_AGGRESSIVE;
				GCC_WARN_UNUSED_FUNCTION = YES;
				GCC_WARN_UNUSED_VARIABLE = YES;
				IPHONEOS_DEPLOYMENT_TARGET = 12.2;
				MTL_ENABLE_DEBUG_INFO = INCLUDE_SOURCE;
				MTL_FAST_MATH = YES;
				ONLY_ACTIVE_ARCH = YES;
				SDKROOT = iphoneos;
				SWIFT_ACTIVE_COMPILATION_CONDITIONS = DEBUG;
				SWIFT_OPTIMIZATION_LEVEL = "-Onone";
			};
			name = Debug;
		};
		131C4E3D22F7D2E8005203F3 /* Release */ = {
			isa = XCBuildConfiguration;
			buildSettings = {
				ALWAYS_SEARCH_USER_PATHS = NO;
				CLANG_ANALYZER_NONNULL = YES;
				CLANG_ANALYZER_NUMBER_OBJECT_CONVERSION = YES_AGGRESSIVE;
				CLANG_CXX_LANGUAGE_STANDARD = "gnu++14";
				CLANG_CXX_LIBRARY = "libc++";
				CLANG_ENABLE_MODULES = YES;
				CLANG_ENABLE_OBJC_ARC = YES;
				CLANG_ENABLE_OBJC_WEAK = YES;
				CLANG_WARN_BLOCK_CAPTURE_AUTORELEASING = YES;
				CLANG_WARN_BOOL_CONVERSION = YES;
				CLANG_WARN_COMMA = YES;
				CLANG_WARN_CONSTANT_CONVERSION = YES;
				CLANG_WARN_DEPRECATED_OBJC_IMPLEMENTATIONS = YES;
				CLANG_WARN_DIRECT_OBJC_ISA_USAGE = YES_ERROR;
				CLANG_WARN_DOCUMENTATION_COMMENTS = YES;
				CLANG_WARN_EMPTY_BODY = YES;
				CLANG_WARN_ENUM_CONVERSION = YES;
				CLANG_WARN_INFINITE_RECURSION = YES;
				CLANG_WARN_INT_CONVERSION = YES;
				CLANG_WARN_NON_LITERAL_NULL_CONVERSION = YES;
				CLANG_WARN_OBJC_IMPLICIT_RETAIN_SELF = YES;
				CLANG_WARN_OBJC_LITERAL_CONVERSION = YES;
				CLANG_WARN_OBJC_ROOT_CLASS = YES_ERROR;
				CLANG_WARN_RANGE_LOOP_ANALYSIS = YES;
				CLANG_WARN_STRICT_PROTOTYPES = YES;
				CLANG_WARN_SUSPICIOUS_MOVE = YES;
				CLANG_WARN_UNGUARDED_AVAILABILITY = YES_AGGRESSIVE;
				CLANG_WARN_UNREACHABLE_CODE = YES;
				CLANG_WARN__DUPLICATE_METHOD_MATCH = YES;
				CODE_SIGN_IDENTITY = "iPhone Developer";
				COPY_PHASE_STRIP = NO;
				DEBUG_INFORMATION_FORMAT = "dwarf-with-dsym";
				ENABLE_NS_ASSERTIONS = NO;
				ENABLE_STRICT_OBJC_MSGSEND = YES;
				GCC_C_LANGUAGE_STANDARD = gnu11;
				GCC_NO_COMMON_BLOCKS = YES;
				GCC_WARN_64_TO_32_BIT_CONVERSION = YES;
				GCC_WARN_ABOUT_RETURN_TYPE = YES_ERROR;
				GCC_WARN_UNDECLARED_SELECTOR = YES;
				GCC_WARN_UNINITIALIZED_AUTOS = YES_AGGRESSIVE;
				GCC_WARN_UNUSED_FUNCTION = YES;
				GCC_WARN_UNUSED_VARIABLE = YES;
				IPHONEOS_DEPLOYMENT_TARGET = 12.2;
				MTL_ENABLE_DEBUG_INFO = NO;
				MTL_FAST_MATH = YES;
				SDKROOT = iphoneos;
				SWIFT_COMPILATION_MODE = wholemodule;
				SWIFT_OPTIMIZATION_LEVEL = "-O";
				VALIDATE_PRODUCT = YES;
			};
			name = Release;
		};
		131C4E3F22F7D2E8005203F3 /* Debug */ = {
			isa = XCBuildConfiguration;
			buildSettings = {
				ASSETCATALOG_COMPILER_APPICON_NAME = AppIcon;
				CODE_SIGN_STYLE = Automatic;
				DEVELOPMENT_TEAM = D47KL56DUY;
				INFOPLIST_FILE = DrawTwoPlaceMap/Info.plist;
				LD_RUNPATH_SEARCH_PATHS = (
					"$(inherited)",
					"@executable_path/Frameworks",
				);
				PRODUCT_BUNDLE_IDENTIFIER = ManishSurti.DrawTwoPlaceMap;
				PRODUCT_NAME = "$(TARGET_NAME)";
				SWIFT_VERSION = 5.0;
				TARGETED_DEVICE_FAMILY = "1,2";
			};
			name = Debug;
		};
		131C4E4022F7D2E8005203F3 /* Release */ = {
			isa = XCBuildConfiguration;
			buildSettings = {
				ASSETCATALOG_COMPILER_APPICON_NAME = AppIcon;
				CODE_SIGN_STYLE = Automatic;
				DEVELOPMENT_TEAM = D47KL56DUY;
				INFOPLIST_FILE = DrawTwoPlaceMap/Info.plist;
				LD_RUNPATH_SEARCH_PATHS = (
					"$(inherited)",
					"@executable_path/Frameworks",
				);
				PRODUCT_BUNDLE_IDENTIFIER = ManishSurti.DrawTwoPlaceMap;
				PRODUCT_NAME = "$(TARGET_NAME)";
				SWIFT_VERSION = 5.0;
				TARGETED_DEVICE_FAMILY = "1,2";
			};
			name = Release;
		};
/* End XCBuildConfiguration section */

/* Begin XCConfigurationList section */
		131C4E2722F7D2E6005203F3 /* Build configuration list for PBXProject "DrawTwoPlaceMap" */ = {
			isa = XCConfigurationList;
			buildConfigurations = (
				131C4E3C22F7D2E8005203F3 /* Debug */,
				131C4E3D22F7D2E8005203F3 /* Release */,
			);
			defaultConfigurationIsVisible = 0;
			defaultConfigurationName = Release;
		};
		131C4E3E22F7D2E8005203F3 /* Build configuration list for PBXNativeTarget "DrawTwoPlaceMap" */ = {
			isa = XCConfigurationList;
			buildConfigurations = (
				131C4E3F22F7D2E8005203F3 /* Debug */,
				131C4E4022F7D2E8005203F3 /* Release */,
			);
			defaultConfigurationIsVisible = 0;
			defaultConfigurationName = Release;
		};
/* End XCConfigurationList section */
	};
	rootObject = 131C4E2422F7D2E6005203F3 /* Project object */;
}
